
Microsoft Visual Studio Solution File, Format Version 12.00
# Visual Studio Version 16
VisualStudioVersion = 16.0.29728.190
MinimumVisualStudioVersion = 10.0.40219.1
Project("{FAE04EC0-301F-11D3-BF4B-00C04F79EFBC}") = "WebApplication2", "WebApplication2\WebApplication2.csproj", "{63782B93-F95D-4637-86B6-A654C0ADC9CC}"
EndProject
Global
	GlobalSection(SolutionConfigurationPlatforms) = preSolution
		Debug|Any CPU = Debug|Any CPU
		Release|Any CPU = Release|Any CPU
	EndGlobalSection
	GlobalSection(ProjectConfigurationPlatforms) = postSolution
		{63782B93-F95D-4637-86B6-A654C0ADC9CC}.Debug|Any CPU.ActiveCfg = Debug|Any CPU
		{63782B93-F95D-4637-86B6-A654C0ADC9CC}.Debug|Any CPU.Build.0 = Debug|Any CPU
		{63782B93-F95D-4637-86B6-A654C0ADC9CC}.Release|Any CPU.ActiveCfg = Release|Any CPU
		{63782B93-F95D-4637-86B6-A654C0ADC9CC}.Release|Any CPU.Build.0 = Release|Any CPU
	EndGlobalSection
	GlobalSection(SolutionProperties) = preSolution
		HideSolutionNode = FALSE
	EndGlobalSection
	GlobalSection(ExtensibilityGlobals) = postSolution
		SolutionGuid = {B3B6D12B-40B9-456E-AA76-C3F9AD87B3D3}
	EndGlobalSection
EndGlobal
